[[package]]
name = "attrs"
version = "22.1.0"
description = "Classes Without Boilerplate"
category = "dev"
optional = false
python-versions = ">=3.5"

[package.extras]
tests_no_zope = ["cloudpickle", "pytest-mypy-plugins", "mypy (>=0.900,!=0.940)", "pytest (>=4.3.0)", "pympler", "hypothesis", "coverage[toml] (>=5.0.2)"]
tests = ["cloudpickle", "zope.interface", "pytest-mypy-plugins", "mypy (>=0.900,!=0.940)", "pytest (>=4.3.0)", "pympler", "hypothesis", "coverage[toml] (>=5.0.2)"]
docs = ["sphinx-notfound-page", "zope.interface", "sphinx", "furo"]
dev = ["cloudpickle", "pre-commit", "sphinx-notfound-page", "sphinx", "furo", "zope.interface", "pytest-mypy-plugins", "mypy (>=0.900,!=0.940)", "pytest (>=4.3.0)", "pympler", "hypothesis", "coverage[toml] (>=5.0.2)"]

[[package]]
name = "colorama"
version = "0.4.6"
description = "Cross-platform colored terminal text."
category = "dev"
optional = false
python-versions = "!=3.0.*,!=3.1.*,!=3.2.*,!=3.3.*,!=3.4.*,!=3.5.*,!=3.6.*,>=2.7"

[[package]]
name = "coverage"
version = "6.5.0"
description = "Code coverage measurement for Python"
category = "dev"
optional = false
python-versions = ">=3.7"

[package.extras]
toml = ["tomli"]

[[package]]
name = "coverage-badge"
version = "1.1.0"
description = "Generate coverage badges for Coverage.py."
category = "dev"
optional = false
python-versions = "*"

[package.dependencies]
coverage = "*"

[[package]]
name = "exceptiongroup"
version = "1.0.0rc9"
description = "Backport of PEP 654 (exception groups)"
category = "dev"
optional = false
python-versions = ">=3.7"

[package.extras]
test = ["pytest (>=6)"]

[[package]]
name = "iniconfig"
version = "1.1.1"
description = "iniconfig: brain-dead simple config-ini parsing"
category = "dev"
optional = false
python-versions = "*"

[[package]]
name = "packaging"
version = "21.3"
description = "Core utilities for Python packages"
category = "dev"
optional = false
python-versions = ">=3.6"

[package.dependencies]
pyparsing = ">=2.0.2,<3.0.5 || >3.0.5"

[[package]]
name = "pluggy"
version = "1.0.0"
description = "plugin and hook calling mechanisms for python"
category = "dev"
optional = false
python-versions = ">=3.6"

[package.extras]
testing = ["pytest-benchmark", "pytest"]
dev = ["tox", "pre-commit"]

[[package]]
name = "pyparsing"
version = "3.0.9"
description = "pyparsing module - Classes and methods to define and execute parsing grammars"
category = "dev"
optional = false
python-versions = ">=3.6.8"

[package.extras]
diagrams = ["jinja2", "railroad-diagrams"]

[[package]]
name = "pytest"
version = "7.2.0"
description = "pytest: simple powerful testing with Python"
category = "dev"
optional = false
python-versions = ">=3.7"

[package.dependencies]
attrs = ">=19.2.0"
colorama = {version = "*", markers = "sys_platform == \"win32\""}
exceptiongroup = {version = ">=1.0.0rc8", markers = "python_version < \"3.11\""}
iniconfig = "*"
packaging = "*"
pluggy = ">=0.12,<2.0"
tomli = {version = ">=1.0.0", markers = "python_version < \"3.11\""}

[package.extras]
testing = ["argcomplete", "hypothesis (>=3.56)", "mock", "nose", "pygments (>=2.7.2)", "requests", "xmlschema"]

[[package]]
name = "toml"
version = "0.10.2"
description = "Python Library for Tom's Obvious, Minimal Language"
category = "main"
optional = false
python-versions = ">=2.6, !=3.0.*, !=3.1.*, !=3.2.*"

[[package]]
name = "tomli"
version = "2.0.1"
description = "A lil' TOML parser"
category = "dev"
optional = false
python-versions = ">=3.7"

[[package]]
name = "torch"
version = "1.12.1"
description = "Tensors and Dynamic neural networks in Python with strong GPU acceleration"
category = "main"
optional = false
python-versions = ">=3.7.0"

[package.dependencies]
typing-extensions = "*"

[[package]]
name = "typing-extensions"
version = "4.4.0"
description = "Backported and Experimental Type Hints for Python 3.7+"
category = "main"
optional = false
python-versions = ">=3.7"

[metadata]
lock-version = "1.1"
python-versions = "^3.8"
content-hash = "c3ef54f086627eac71519b22b5a502e0e58dce7af446a1bc480cadb3a908db99"

[metadata.files]
attrs = []
colorama = []
coverage = []
coverage-badge = []
exceptiongroup = []
iniconfig = []
packaging = []
pluggy = []
pyparsing = []
pytest = []
toml = []
tomli = []
torch = []
typing-extensions = []
